
Microsoft Visual Studio Solution File, Format Version 12.00
# Visual Studio 14
VisualStudioVersion = 14.0.25420.1
MinimumVisualStudioVersion = 10.0.40219.1
Project("{8BC9CEB8-8B4A-11D0-8D11-00A0C91BC942}") = "Fraction", "Overloading\Overloading.vcxproj", "{D51C7E46-126D-4FB6-8FA7-47DC6DEAF774}"
EndProject
Project("{8BC9CEB8-8B4A-11D0-8D11-00A0C91BC942}") = "Complex", "Complex\Complex.vcxproj", "{AA9C6107-A911-428B-A49A-6B9626A9453D}"
EndProject
Project("{8BC9CEB8-8B4A-11D0-8D11-00A0C91BC942}") = "Overcoat", "Overcoat\Overcoat.vcxproj", "{71D8CF7A-8928-4DFA-A0C2-FFEF53EB4698}"
EndProject
Project("{8BC9CEB8-8B4A-11D0-8D11-00A0C91BC942}") = "Flat", "Flat\Flat.vcxproj", "{625527C1-A921-4888-A394-BE1E68B7003D}"
EndProject
Global
	GlobalSection(SolutionConfigurationPlatforms) = preSolution
		Debug|x64 = Debug|x64
		Debug|x86 = Debug|x86
		Release|x64 = Release|x64
		Release|x86 = Release|x86
	EndGlobalSection
	GlobalSection(ProjectConfigurationPlatforms) = postSolution
		{D51C7E46-126D-4FB6-8FA7-47DC6DEAF774}.Debug|x64.ActiveCfg = Debug|x64
		{D51C7E46-126D-4FB6-8FA7-47DC6DEAF774}.Debug|x64.Build.0 = Debug|x64
		{D51C7E46-126D-4FB6-8FA7-47DC6DEAF774}.Debug|x86.ActiveCfg = Debug|Win32
		{D51C7E46-126D-4FB6-8FA7-47DC6DEAF774}.Debug|x86.Build.0 = Debug|Win32
		{D51C7E46-126D-4FB6-8FA7-47DC6DEAF774}.Release|x64.ActiveCfg = Release|x64
		{D51C7E46-126D-4FB6-8FA7-47DC6DEAF774}.Release|x64.Build.0 = Release|x64
		{D51C7E46-126D-4FB6-8FA7-47DC6DEAF774}.Release|x86.ActiveCfg = Release|Win32
		{D51C7E46-126D-4FB6-8FA7-47DC6DEAF774}.Release|x86.Build.0 = Release|Win32
		{AA9C6107-A911-428B-A49A-6B9626A9453D}.Debug|x64.ActiveCfg = Debug|x64
		{AA9C6107-A911-428B-A49A-6B9626A9453D}.Debug|x64.Build.0 = Debug|x64
		{AA9C6107-A911-428B-A49A-6B9626A9453D}.Debug|x86.ActiveCfg = Debug|Win32
		{AA9C6107-A911-428B-A49A-6B9626A9453D}.Debug|x86.Build.0 = Debug|Win32
		{AA9C6107-A911-428B-A49A-6B9626A9453D}.Release|x64.ActiveCfg = Release|x64
		{AA9C6107-A911-428B-A49A-6B9626A9453D}.Release|x64.Build.0 = Release|x64
		{AA9C6107-A911-428B-A49A-6B9626A9453D}.Release|x86.ActiveCfg = Release|Win32
		{AA9C6107-A911-428B-A49A-6B9626A9453D}.Release|x86.Build.0 = Release|Win32
		{71D8CF7A-8928-4DFA-A0C2-FFEF53EB4698}.Debug|x64.ActiveCfg = Debug|x64
		{71D8CF7A-8928-4DFA-A0C2-FFEF53EB4698}.Debug|x64.Build.0 = Debug|x64
		{71D8CF7A-8928-4DFA-A0C2-FFEF53EB4698}.Debug|x86.ActiveCfg = Debug|Win32
		{71D8CF7A-8928-4DFA-A0C2-FFEF53EB4698}.Debug|x86.Build.0 = Debug|Win32
		{71D8CF7A-8928-4DFA-A0C2-FFEF53EB4698}.Release|x64.ActiveCfg = Release|x64
		{71D8CF7A-8928-4DFA-A0C2-FFEF53EB4698}.Release|x64.Build.0 = Release|x64
		{71D8CF7A-8928-4DFA-A0C2-FFEF53EB4698}.Release|x86.ActiveCfg = Release|Win32
		{71D8CF7A-8928-4DFA-A0C2-FFEF53EB4698}.Release|x86.Build.0 = Release|Win32
		{625527C1-A921-4888-A394-BE1E68B7003D}.Debug|x64.ActiveCfg = Debug|x64
		{625527C1-A921-4888-A394-BE1E68B7003D}.Debug|x64.Build.0 = Debug|x64
		{625527C1-A921-4888-A394-BE1E68B7003D}.Debug|x86.ActiveCfg = Debug|Win32
		{625527C1-A921-4888-A394-BE1E68B7003D}.Debug|x86.Build.0 = Debug|Win32
		{625527C1-A921-4888-A394-BE1E68B7003D}.Release|x64.ActiveCfg = Release|x64
		{625527C1-A921-4888-A394-BE1E68B7003D}.Release|x64.Build.0 = Release|x64
		{625527C1-A921-4888-A394-BE1E68B7003D}.Release|x86.ActiveCfg = Release|Win32
		{625527C1-A921-4888-A394-BE1E68B7003D}.Release|x86.Build.0 = Release|Win32
	EndGlobalSection
	GlobalSection(SolutionProperties) = preSolution
		HideSolutionNode = FALSE
	EndGlobalSection
EndGlobal
